// !$*UTF8*$!
{
	archiveVersion = 1;
	classes = {
	};
	objectVersion = 56;
	objects = {

/* Begin PBXBuildFile section */
		678E908F2B24B41A0047A402 /* main.cpp in Sources */ = {isa = PBXBuildFile; fileRef = 678E908E2B24B41A0047A402 /* main.cpp */; };
		678E909C2B24B4DA0047A402 /* print_1_to_n.cpp in Sources */ = {isa = PBXBuildFile; fileRef = 678E909B2B24B4DA0047A402 /* print_1_to_n.cpp */; };
		678E909E2B24D8390047A402 /* print_n_to_1.cpp in Sources */ = {isa = PBXBuildFile; fileRef = 678E909D2B24D8390047A402 /* print_n_to_1.cpp */; };
		678E90A22B24DA950047A402 /* morris_traversal.cpp in Sources */ = {isa = PBXBuildFile; fileRef = 678E90A02B24DA950047A402 /* morris_traversal.cpp */; };
		678E90A72B24DB430047A402 /* binary_tree.cpp in Sources */ = {isa = PBXBuildFile; fileRef = 678E90A52B24DB430047A402 /* binary_tree.cpp */; };
		678E90AC2B24E64F0047A402 /* sort_an_array_recursively.cpp in Sources */ = {isa = PBXBuildFile; fileRef = 678E90AB2B24E64F0047A402 /* sort_an_array_recursively.cpp */; };
		678E90AE2B2609EF0047A402 /* sort_a_stack_recursuvely.cpp in Sources */ = {isa = PBXBuildFile; fileRef = 678E90AD2B2609EF0047A402 /* sort_a_stack_recursuvely.cpp */; };
/* End PBXBuildFile section */

/* Begin PBXCopyFilesBuildPhase section */
		678E90892B24B41A0047A402 /* CopyFiles */ = {
			isa = PBXCopyFilesBuildPhase;
			buildActionMask = 2147483647;
			dstPath = /usr/share/man/man1/;
			dstSubfolderSpec = 0;
			files = (
			);
			runOnlyForDeploymentPostprocessing = 1;
		};
/* End PBXCopyFilesBuildPhase section */

/* Begin PBXFileReference section */
		678E908B2B24B41A0047A402 /* CodeSphere */ = {isa = PBXFileReference; explicitFileType = "compiled.mach-o.executable"; includeInIndex = 0; path = CodeSphere; sourceTree = BUILT_PRODUCTS_DIR; };
		678E908E2B24B41A0047A402 /* main.cpp */ = {isa = PBXFileReference; lastKnownFileType = sourcecode.cpp.cpp; path = main.cpp; sourceTree = "<group>"; };
		678E909B2B24B4DA0047A402 /* print_1_to_n.cpp */ = {isa = PBXFileReference; lastKnownFileType = sourcecode.cpp.cpp; path = print_1_to_n.cpp; sourceTree = "<group>"; };
		678E909D2B24D8390047A402 /* print_n_to_1.cpp */ = {isa = PBXFileReference; lastKnownFileType = sourcecode.cpp.cpp; path = print_n_to_1.cpp; sourceTree = "<group>"; };
		678E90A02B24DA950047A402 /* morris_traversal.cpp */ = {isa = PBXFileReference; lastKnownFileType = sourcecode.cpp.cpp; path = morris_traversal.cpp; sourceTree = "<group>"; };
		678E90A52B24DB430047A402 /* binary_tree.cpp */ = {isa = PBXFileReference; lastKnownFileType = sourcecode.cpp.cpp; path = binary_tree.cpp; sourceTree = "<group>"; };
		678E90A62B24DB430047A402 /* binary_tree.hpp */ = {isa = PBXFileReference; lastKnownFileType = sourcecode.cpp.h; path = binary_tree.hpp; sourceTree = "<group>"; };
		678E90A92B24DFCD0047A402 /* main.h */ = {isa = PBXFileReference; lastKnownFileType = sourcecode.c.h; path = main.h; sourceTree = "<group>"; };
		678E90AA2B24DFD90047A402 /* functions.h */ = {isa = PBXFileReference; lastKnownFileType = sourcecode.c.h; path = functions.h; sourceTree = "<group>"; };
		678E90AB2B24E64F0047A402 /* sort_an_array_recursively.cpp */ = {isa = PBXFileReference; lastKnownFileType = sourcecode.cpp.cpp; path = sort_an_array_recursively.cpp; sourceTree = "<group>"; };
		678E90AD2B2609EF0047A402 /* sort_a_stack_recursuvely.cpp */ = {isa = PBXFileReference; lastKnownFileType = sourcecode.cpp.cpp; path = sort_a_stack_recursuvely.cpp; sourceTree = "<group>"; };
/* End PBXFileReference section */

/* Begin PBXFrameworksBuildPhase section */
		678E90882B24B41A0047A402 /* Frameworks */ = {
			isa = PBXFrameworksBuildPhase;
			buildActionMask = 2147483647;
			files = (
			);
			runOnlyForDeploymentPostprocessing = 0;
		};
/* End PBXFrameworksBuildPhase section */

/* Begin PBXGroup section */
		678E90822B24B41A0047A402 = {
			isa = PBXGroup;
			children = (
				678E908D2B24B41A0047A402 /* CodeSphere */,
				678E908C2B24B41A0047A402 /* Products */,
			);
			sourceTree = "<group>";
		};
		678E908C2B24B41A0047A402 /* Products */ = {
			isa = PBXGroup;
			children = (
				678E908B2B24B41A0047A402 /* CodeSphere */,
			);
			name = Products;
			sourceTree = "<group>";
		};
		678E908D2B24B41A0047A402 /* CodeSphere */ = {
			isa = PBXGroup;
			children = (
				678E90A82B24DF860047A402 /* include */,
				678E90962B24B4710047A402 /* algorithms */,
				678E90952B24B4510047A402 /* data_structures */,
				678E908E2B24B41A0047A402 /* main.cpp */,
			);
			path = CodeSphere;
			sourceTree = "<group>";
		};
		678E90952B24B4510047A402 /* data_structures */ = {
			isa = PBXGroup;
			children = (
				678E90A32B24DB2C0047A402 /* tree */,
			);
			path = data_structures;
			sourceTree = "<group>";
		};
		678E90962B24B4710047A402 /* algorithms */ = {
			isa = PBXGroup;
			children = (
				678E909F2B24DA790047A402 /* tree */,
				678E90972B24B47D0047A402 /* recursion */,
			);
			path = algorithms;
			sourceTree = "<group>";
		};
		678E90972B24B47D0047A402 /* recursion */ = {
			isa = PBXGroup;
			children = (
				678E909B2B24B4DA0047A402 /* print_1_to_n.cpp */,
				678E909D2B24D8390047A402 /* print_n_to_1.cpp */,
				678E90AB2B24E64F0047A402 /* sort_an_array_recursively.cpp */,
				678E90AD2B2609EF0047A402 /* sort_a_stack_recursuvely.cpp */,
			);
			path = recursion;
			sourceTree = "<group>";
		};
		678E909F2B24DA790047A402 /* tree */ = {
			isa = PBXGroup;
			children = (
				678E90A02B24DA950047A402 /* morris_traversal.cpp */,
			);
			path = tree;
			sourceTree = "<group>";
		};
		678E90A32B24DB2C0047A402 /* tree */ = {
			isa = PBXGroup;
			children = (
				678E90A42B24DB310047A402 /* binary tree */,
			);
			path = tree;
			sourceTree = "<group>";
		};
		678E90A42B24DB310047A402 /* binary tree */ = {
			isa = PBXGroup;
			children = (
				678E90A52B24DB430047A402 /* binary_tree.cpp */,
				678E90A62B24DB430047A402 /* binary_tree.hpp */,
			);
			path = "binary tree";
			sourceTree = "<group>";
		};
		678E90A82B24DF860047A402 /* include */ = {
			isa = PBXGroup;
			children = (
				678E90A92B24DFCD0047A402 /* main.h */,
				678E90AA2B24DFD90047A402 /* functions.h */,
			);
			path = include;
			sourceTree = "<group>";
		};
/* End PBXGroup section */

/* Begin PBXNativeTarget section */
		678E908A2B24B41A0047A402 /* CodeSphere */ = {
			isa = PBXNativeTarget;
			buildConfigurationList = 678E90922B24B41A0047A402 /* Build configuration list for PBXNativeTarget "CodeSphere" */;
			buildPhases = (
				678E90872B24B41A0047A402 /* Sources */,
				678E90882B24B41A0047A402 /* Frameworks */,
				678E90892B24B41A0047A402 /* CopyFiles */,
			);
			buildRules = (
			);
			dependencies = (
			);
			name = CodeSphere;
			productName = CodeSphere;
			productReference = 678E908B2B24B41A0047A402 /* CodeSphere */;
			productType = "com.apple.product-type.tool";
		};
/* End PBXNativeTarget section */

/* Begin PBXProject section */
		678E90832B24B41A0047A402 /* Project object */ = {
			isa = PBXProject;
			attributes = {
				BuildIndependentTargetsInParallel = 1;
				LastUpgradeCheck = 1500;
				TargetAttributes = {
					678E908A2B24B41A0047A402 = {
						CreatedOnToolsVersion = 15.0.1;
					};
				};
			};
			buildConfigurationList = 678E90862B24B41A0047A402 /* Build configuration list for PBXProject "CodeSphere" */;
			compatibilityVersion = "Xcode 14.0";
			developmentRegion = en;
			hasScannedForEncodings = 0;
			knownRegions = (
				en,
				Base,
			);
			mainGroup = 678E90822B24B41A0047A402;
			productRefGroup = 678E908C2B24B41A0047A402 /* Products */;
			projectDirPath = "";
			projectRoot = "";
			targets = (
				678E908A2B24B41A0047A402 /* CodeSphere */,
			);
		};
/* End PBXProject section */

/* Begin PBXSourcesBuildPhase section */
		678E90872B24B41A0047A402 /* Sources */ = {
			isa = PBXSourcesBuildPhase;
			buildActionMask = 2147483647;
			files = (
				678E90A22B24DA950047A402 /* morris_traversal.cpp in Sources */,
				678E90AE2B2609EF0047A402 /* sort_a_stack_recursuvely.cpp in Sources */,
				678E908F2B24B41A0047A402 /* main.cpp in Sources */,
				678E909E2B24D8390047A402 /* print_n_to_1.cpp in Sources */,
				678E909C2B24B4DA0047A402 /* print_1_to_n.cpp in Sources */,
				678E90AC2B24E64F0047A402 /* sort_an_array_recursively.cpp in Sources */,
				678E90A72B24DB430047A402 /* binary_tree.cpp in Sources */,
			);
			runOnlyForDeploymentPostprocessing = 0;
		};
/* End PBXSourcesBuildPhase section */

/* Begin XCBuildConfiguration section */
		678E90902B24B41A0047A402 /* Debug */ = {
			isa = XCBuildConfiguration;
			buildSettings = {
				ALWAYS_SEARCH_USER_PATHS = NO;
				ASSETCATALOG_COMPILER_GENERATE_SWIFT_ASSET_SYMBOL_EXTENSIONS = YES;
				CLANG_ANALYZER_NONNULL = YES;
				CLANG_ANALYZER_NUMBER_OBJECT_CONVERSION = YES_AGGRESSIVE;
				CLANG_CXX_LANGUAGE_STANDARD = "gnu++20";
				CLANG_ENABLE_MODULES = YES;
				CLANG_ENABLE_OBJC_ARC = YES;
				CLANG_ENABLE_OBJC_WEAK = YES;
				CLANG_WARN_BLOCK_CAPTURE_AUTORELEASING = YES;
				CLANG_WARN_BOOL_CONVERSION = YES;
				CLANG_WARN_COMMA = YES;
				CLANG_WARN_CONSTANT_CONVERSION = YES;
				CLANG_WARN_DEPRECATED_OBJC_IMPLEMENTATIONS = YES;
				CLANG_WARN_DIRECT_OBJC_ISA_USAGE = YES_ERROR;
				CLANG_WARN_DOCUMENTATION_COMMENTS = YES;
				CLANG_WARN_EMPTY_BODY = YES;
				CLANG_WARN_ENUM_CONVERSION = YES;
				CLANG_WARN_INFINITE_RECURSION = YES;
				CLANG_WARN_INT_CONVERSION = YES;
				CLANG_WARN_NON_LITERAL_NULL_CONVERSION = YES;
				CLANG_WARN_OBJC_IMPLICIT_RETAIN_SELF = YES;
				CLANG_WARN_OBJC_LITERAL_CONVERSION = YES;
				CLANG_WARN_OBJC_ROOT_CLASS = YES_ERROR;
				CLANG_WARN_QUOTED_INCLUDE_IN_FRAMEWORK_HEADER = YES;
				CLANG_WARN_RANGE_LOOP_ANALYSIS = YES;
				CLANG_WARN_STRICT_PROTOTYPES = YES;
				CLANG_WARN_SUSPICIOUS_MOVE = YES;
				CLANG_WARN_UNGUARDED_AVAILABILITY = YES_AGGRESSIVE;
				CLANG_WARN_UNREACHABLE_CODE = YES;
				CLANG_WARN__DUPLICATE_METHOD_MATCH = YES;
				COPY_PHASE_STRIP = NO;
				DEBUG_INFORMATION_FORMAT = dwarf;
				ENABLE_STRICT_OBJC_MSGSEND = YES;
				ENABLE_TESTABILITY = YES;
				ENABLE_USER_SCRIPT_SANDBOXING = YES;
				GCC_C_LANGUAGE_STANDARD = gnu17;
				GCC_DYNAMIC_NO_PIC = NO;
				GCC_NO_COMMON_BLOCKS = YES;
				GCC_OPTIMIZATION_LEVEL = 0;
				GCC_PREPROCESSOR_DEFINITIONS = (
					"DEBUG=1",
					"$(inherited)",
				);
				GCC_WARN_64_TO_32_BIT_CONVERSION = YES;
				GCC_WARN_ABOUT_RETURN_TYPE = YES_ERROR;
				GCC_WARN_UNDECLARED_SELECTOR = YES;
				GCC_WARN_UNINITIALIZED_AUTOS = YES_AGGRESSIVE;
				GCC_WARN_UNUSED_FUNCTION = YES;
				GCC_WARN_UNUSED_VARIABLE = YES;
				LOCALIZATION_PREFERS_STRING_CATALOGS = YES;
				MACOSX_DEPLOYMENT_TARGET = 14.0;
				MTL_ENABLE_DEBUG_INFO = INCLUDE_SOURCE;
				MTL_FAST_MATH = YES;
				ONLY_ACTIVE_ARCH = YES;
				SDKROOT = macosx;
			};
			name = Debug;
		};
		678E90912B24B41A0047A402 /* Release */ = {
			isa = XCBuildConfiguration;
			buildSettings = {
				ALWAYS_SEARCH_USER_PATHS = NO;
				ASSETCATALOG_COMPILER_GENERATE_SWIFT_ASSET_SYMBOL_EXTENSIONS = YES;
				CLANG_ANALYZER_NONNULL = YES;
				CLANG_ANALYZER_NUMBER_OBJECT_CONVERSION = YES_AGGRESSIVE;
				CLANG_CXX_LANGUAGE_STANDARD = "gnu++20";
				CLANG_ENABLE_MODULES = YES;
				CLANG_ENABLE_OBJC_ARC = YES;
				CLANG_ENABLE_OBJC_WEAK = YES;
				CLANG_WARN_BLOCK_CAPTURE_AUTORELEASING = YES;
				CLANG_WARN_BOOL_CONVERSION = YES;
				CLANG_WARN_COMMA = YES;
				CLANG_WARN_CONSTANT_CONVERSION = YES;
				CLANG_WARN_DEPRECATED_OBJC_IMPLEMENTATIONS = YES;
				CLANG_WARN_DIRECT_OBJC_ISA_USAGE = YES_ERROR;
				CLANG_WARN_DOCUMENTATION_COMMENTS = YES;
				CLANG_WARN_EMPTY_BODY = YES;
				CLANG_WARN_ENUM_CONVERSION = YES;
				CLANG_WARN_INFINITE_RECURSION = YES;
				CLANG_WARN_INT_CONVERSION = YES;
				CLANG_WARN_NON_LITERAL_NULL_CONVERSION = YES;
				CLANG_WARN_OBJC_IMPLICIT_RETAIN_SELF = YES;
				CLANG_WARN_OBJC_LITERAL_CONVERSION = YES;
				CLANG_WARN_OBJC_ROOT_CLASS = YES_ERROR;
				CLANG_WARN_QUOTED_INCLUDE_IN_FRAMEWORK_HEADER = YES;
				CLANG_WARN_RANGE_LOOP_ANALYSIS = YES;
				CLANG_WARN_STRICT_PROTOTYPES = YES;
				CLANG_WARN_SUSPICIOUS_MOVE = YES;
				CLANG_WARN_UNGUARDED_AVAILABILITY = YES_AGGRESSIVE;
				CLANG_WARN_UNREACHABLE_CODE = YES;
				CLANG_WARN__DUPLICATE_METHOD_MATCH = YES;
				COPY_PHASE_STRIP = NO;
				DEBUG_INFORMATION_FORMAT = "dwarf-with-dsym";
				ENABLE_NS_ASSERTIONS = NO;
				ENABLE_STRICT_OBJC_MSGSEND = YES;
				ENABLE_USER_SCRIPT_SANDBOXING = YES;
				GCC_C_LANGUAGE_STANDARD = gnu17;
				GCC_NO_COMMON_BLOCKS = YES;
				GCC_WARN_64_TO_32_BIT_CONVERSION = YES;
				GCC_WARN_ABOUT_RETURN_TYPE = YES_ERROR;
				GCC_WARN_UNDECLARED_SELECTOR = YES;
				GCC_WARN_UNINITIALIZED_AUTOS = YES_AGGRESSIVE;
				GCC_WARN_UNUSED_FUNCTION = YES;
				GCC_WARN_UNUSED_VARIABLE = YES;
				LOCALIZATION_PREFERS_STRING_CATALOGS = YES;
				MACOSX_DEPLOYMENT_TARGET = 14.0;
				MTL_ENABLE_DEBUG_INFO = NO;
				MTL_FAST_MATH = YES;
				SDKROOT = macosx;
			};
			name = Release;
		};
		678E90932B24B41A0047A402 /* Debug */ = {
			isa = XCBuildConfiguration;
			buildSettings = {
				CODE_SIGN_STYLE = Automatic;
				DEVELOPMENT_TEAM = X2B725L498;
				ENABLE_HARDENED_RUNTIME = YES;
				PRODUCT_NAME = "$(TARGET_NAME)";
			};
			name = Debug;
		};
		678E90942B24B41A0047A402 /* Release */ = {
			isa = XCBuildConfiguration;
			buildSettings = {
				CODE_SIGN_STYLE = Automatic;
				DEVELOPMENT_TEAM = X2B725L498;
				ENABLE_HARDENED_RUNTIME = YES;
				PRODUCT_NAME = "$(TARGET_NAME)";
			};
			name = Release;
		};
/* End XCBuildConfiguration section */

/* Begin XCConfigurationList section */
		678E90862B24B41A0047A402 /* Build configuration list for PBXProject "CodeSphere" */ = {
			isa = XCConfigurationList;
			buildConfigurations = (
				678E90902B24B41A0047A402 /* Debug */,
				678E90912B24B41A0047A402 /* Release */,
			);
			defaultConfigurationIsVisible = 0;
			defaultConfigurationName = Release;
		};
		678E90922B24B41A0047A402 /* Build configuration list for PBXNativeTarget "CodeSphere" */ = {
			isa = XCConfigurationList;
			buildConfigurations = (
				678E90932B24B41A0047A402 /* Debug */,
				678E90942B24B41A0047A402 /* Release */,
			);
			defaultConfigurationIsVisible = 0;
			defaultConfigurationName = Release;
		};
/* End XCConfigurationList section */
	};
	rootObject = 678E90832B24B41A0047A402 /* Project object */;
}
